{
  "version": "4",
  "specifiers": {
    "jsr:@deno-library/compress@~0.5.2": "0.5.2",
    "jsr:@deno-library/crc32@1.0.2": "1.0.2",
    "jsr:@oak/commons@1": "1.0.0",
    "jsr:@oak/oak@^17.1.0": "17.1.3",
    "jsr:@std/assert@1": "1.0.8",
    "jsr:@std/bytes@1": "1.0.4",
    "jsr:@std/bytes@^1.0.2": "1.0.4",
    "jsr:@std/crypto@1": "1.0.3",
    "jsr:@std/encoding@*": "1.0.5",
    "jsr:@std/encoding@1": "1.0.5",
    "jsr:@std/encoding@^1.0.5": "1.0.5",
    "jsr:@std/fs@1.0.5": "1.0.5",
    "jsr:@std/http@1": "1.0.10",
    "jsr:@std/internal@^1.0.4": "1.0.4",
    "jsr:@std/internal@^1.0.5": "1.0.5",
    "jsr:@std/io@0.224": "0.224.9",
    "jsr:@std/io@0.225.0": "0.225.0",
    "jsr:@std/media-types@1": "1.1.0",
    "jsr:@std/path@1": "1.0.8",
    "jsr:@std/path@1.0.8": "1.0.8",
    "jsr:@std/path@^1.0.7": "1.0.8",
    "jsr:@std/streams@^1.0.7": "1.0.8",
    "jsr:@std/tar@0.1.3": "0.1.3",
    "jsr:@valibot/valibot@~0.42.1": "0.42.1",
    "jsr:@zip-js/zip-js@2.7.53": "2.7.53",
    "npm:@faker-js/faker@^9.2.0": "9.2.0",
    "npm:@types/node@*": "22.5.4",
    "npm:ebnf@*": "1.9.1",
    "npm:ebnf@^1.9.1": "1.9.1",
    "npm:lodash.set@*": "4.3.2",
    "npm:path-to-regexp@6.2.1": "6.2.1",
    "npm:ts-deepmerge@*": "7.0.2",
    "npm:ts-essentials@*": "10.0.3",
    "npm:type-fest@^4.30.0": "4.30.0"
  },
  "jsr": {
    "@deno-library/compress@0.5.2": {
      "integrity": "44480cdde63931522e203f61c617d50bd4bbc8944ec9ef57be65f7e2c4a0c398",
      "dependencies": [
        "jsr:@deno-library/crc32",
        "jsr:@std/fs",
        "jsr:@std/io@0.225.0",
        "jsr:@std/path@1.0.8",
        "jsr:@std/tar",
        "jsr:@zip-js/zip-js"
      ]
    },
    "@deno-library/crc32@1.0.2": {
      "integrity": "d2061bfee30c87c97f285dfca0fdc4458e632dc072a33ecfc73ca5177a5a39a0"
    },
    "@oak/commons@1.0.0": {
      "integrity": "49805b55603c3627a9d6235c0655aa2b6222d3036b3a13ff0380c16368f607ac",
      "dependencies": [
        "jsr:@std/assert",
        "jsr:@std/bytes@1",
        "jsr:@std/crypto",
        "jsr:@std/encoding@1",
        "jsr:@std/http",
        "jsr:@std/media-types"
      ]
    },
    "@oak/oak@17.1.0": {
      "integrity": "14ffb400c3c268bdc7b3a838664fab782b4ed35bb0dfe7669013c95bb12a9503",
      "dependencies": [
        "jsr:@oak/commons",
        "jsr:@std/assert",
        "jsr:@std/bytes@1",
        "jsr:@std/crypto",
        "jsr:@std/http",
        "jsr:@std/io@0.224",
        "jsr:@std/media-types",
        "jsr:@std/path@1",
        "npm:path-to-regexp"
      ]
    },
    "@oak/oak@17.1.3": {
      "integrity": "d89296c22db91681dd3a2a1e1fd14e258d0d5a9654de55637aee5b661c159f33",
      "dependencies": [
        "jsr:@oak/commons",
        "jsr:@std/assert",
        "jsr:@std/bytes@1",
        "jsr:@std/crypto",
        "jsr:@std/http",
        "jsr:@std/io@0.224",
        "jsr:@std/media-types",
        "jsr:@std/path@1",
        "npm:path-to-regexp"
      ]
    },
    "@std/assert@1.0.6": {
      "integrity": "1904c05806a25d94fe791d6d883b685c9e2dcd60e4f9fc30f4fc5cf010c72207",
      "dependencies": [
        "jsr:@std/internal@^1.0.4"
      ]
    },
    "@std/assert@1.0.8": {
      "integrity": "ebe0bd7eb488ee39686f77003992f389a06c3da1bbd8022184804852b2fa641b",
      "dependencies": [
        "jsr:@std/internal@^1.0.5"
      ]
    },
    "@std/bytes@1.0.2": {
      "integrity": "fbdee322bbd8c599a6af186a1603b3355e59a5fb1baa139f8f4c3c9a1b3e3d57"
    },
    "@std/bytes@1.0.4": {
      "integrity": "11a0debe522707c95c7b7ef89b478c13fb1583a7cfb9a85674cd2cc2e3a28abc"
    },
    "@std/crypto@1.0.3": {
      "integrity": "a2a32f51ddef632d299e3879cd027c630dcd4d1d9a5285d6e6788072f4e51e7f"
    },
    "@std/encoding@1.0.5": {
      "integrity": "ecf363d4fc25bd85bd915ff6733a7e79b67e0e7806334af15f4645c569fefc04"
    },
    "@std/fs@1.0.5": {
      "integrity": "41806ad6823d0b5f275f9849a2640d87e4ef67c51ee1b8fb02426f55e02fd44e",
      "dependencies": [
        "jsr:@std/path@^1.0.7"
      ]
    },
    "@std/http@1.0.8": {
      "integrity": "6ea1b2e8d33929967754a3b6d6c6f399ad6647d7bbb5a466c1eaf9b294a6ebcd",
      "dependencies": [
        "jsr:@std/encoding@^1.0.5"
      ]
    },
    "@std/http@1.0.10": {
      "integrity": "4e32d11493ab04e3ef09f104f0cb9beb4228b1d4b47c5469573c2c294c0d3692",
      "dependencies": [
        "jsr:@std/encoding@^1.0.5"
      ]
    },
    "@std/internal@1.0.4": {
      "integrity": "62e8e4911527e5e4f307741a795c0b0a9e6958d0b3790716ae71ce085f755422"
    },
    "@std/internal@1.0.5": {
      "integrity": "54a546004f769c1ac9e025abd15a76b6671ddc9687e2313b67376125650dc7ba"
    },
    "@std/io@0.224.9": {
      "integrity": "4414664b6926f665102e73c969cfda06d2c4c59bd5d0c603fd4f1b1c840d6ee3",
      "dependencies": [
        "jsr:@std/bytes@^1.0.2"
      ]
    },
    "@std/io@0.225.0": {
      "integrity": "c1db7c5e5a231629b32d64b9a53139445b2ca640d828c26bf23e1c55f8c079b3",
      "dependencies": [
        "jsr:@std/bytes@^1.0.2"
      ]
    },
    "@std/media-types@1.0.3": {
      "integrity": "b12d30a7852f7578f4d210622df713bbfd1cbdd9b4ec2eaf5c1845ab70bab159"
    },
    "@std/media-types@1.1.0": {
      "integrity": "c9d093f0c05c3512932b330e3cc1fe1d627b301db33a4c2c2185c02471d6eaa4"
    },
    "@std/path@1.0.6": {
      "integrity": "ab2c55f902b380cf28e0eec501b4906e4c1960d13f00e11cfbcd21de15f18fed"
    },
    "@std/path@1.0.8": {
      "integrity": "548fa456bb6a04d3c1a1e7477986b6cffbce95102d0bb447c67c4ee70e0364be"
    },
    "@std/streams@1.0.8": {
      "integrity": "b41332d93d2cf6a82fe4ac2153b930adf1a859392931e2a19d9fabfb6f154fb3"
    },
    "@std/tar@0.1.3": {
      "integrity": "531270fc707b37ab9b5f051aa4943e7b16b86905e0398a4ebe062983b0c93115",
      "dependencies": [
        "jsr:@std/streams"
      ]
    },
    "@valibot/valibot@0.42.1": {
      "integrity": "ba0f6f7964aaeec0e4b1f793d575061f325ae6254cbb9d7ff01fb65068a0a23b"
    },
    "@zip-js/zip-js@2.7.53": {
      "integrity": "acea5bd8e01feb3fe4c242cfbde7d33dd5e006549a4eb1d15283bc0c778ed672"
    }
  },
  "npm": {
    "@faker-js/faker@9.2.0": {
      "integrity": "sha512-ulqQu4KMr1/sTFIYvqSdegHT8NIkt66tFAkugGnHA+1WAfEn6hMzNR+svjXGFRVLnapxvej67Z/LwchFrnLBUg=="
    },
    "@types/node@22.5.4": {
      "integrity": "sha512-FDuKUJQm/ju9fT/SeX/6+gBzoPzlVCzfzmGkwKvRHQVxi4BntVbyIwf6a4Xn62mrvndLiml6z/UBXIdEVjQLXg==",
      "dependencies": [
        "undici-types"
      ]
    },
    "ebnf@1.9.1": {
      "integrity": "sha512-uW2UKSsuty9ANJ3YByIQE4ANkD8nqUPO7r6Fwcc1ADKPe9FRdcPpMl3VEput4JSvKBJ4J86npIC2MLP0pYkCuw=="
    },
    "lodash.set@4.3.2": {
      "integrity": "sha512-4hNPN5jlm/N/HLMCO43v8BXKq9Z7QdAGc/VGrRD61w8gN9g/6jF9A4L1pbUgBLCffi0w9VsXfTOij5x8iTyFvg=="
    },
    "path-to-regexp@6.2.1": {
      "integrity": "sha512-JLyh7xT1kizaEvcaXOQwOc2/Yhw6KZOvPf1S8401UyLk86CU79LN3vl7ztXGm/pZ+YjoyAJ4rxmHwbkBXJX+yw=="
    },
    "ts-deepmerge@7.0.2": {
      "integrity": "sha512-akcpDTPuez4xzULo5NwuoKwYRtjQJ9eoNfBACiBMaXwNAx7B1PKfe5wqUFJuW5uKzQ68YjDFwPaWHDG1KnFGsA=="
    },
    "ts-essentials@10.0.3": {
      "integrity": "sha512-/FrVAZ76JLTWxJOERk04fm8hYENDo0PWSP3YLQKxevLwWtxemGcl5JJEzN4iqfDlRve0ckyfFaOBu4xbNH/wZw=="
    },
    "type-fest@4.30.0": {
      "integrity": "sha512-G6zXWS1dLj6eagy6sVhOMQiLtJdxQBHIA9Z6HFUNLOlr6MFOgzV8wvmidtPONfPtEUv0uZsy77XJNzTAfwPDaA=="
    },
    "undici-types@6.19.8": {
      "integrity": "sha512-ve2KP6f/JnbPBFyobGHuerC9g1FYGn/F8n1LWTwNxCEzd6IfqTwUQcNXgEtmmQ6DlRrC1hrSrBnCZPokRrDHjw=="
    }
  },
  "redirects": {
    "https://deno.land/x/cors/mod.ts": "https://deno.land/x/cors@v1.2.2/mod.ts",
    "https://deno.land/x/zoic/zoic.ts": "https://deno.land/x/zoic@v1.0.5/zoic.ts"
  },
  "remote": {
    "https://deno.land/std@0.140.0/_util/assert.ts": "e94f2eb37cebd7f199952e242c77654e43333c1ac4c5c700e929ea3aa5489f74",
    "https://deno.land/std@0.140.0/_util/os.ts": "3b4c6e27febd119d36a416d7a97bd3b0251b77c88942c8f16ee5953ea13e2e49",
    "https://deno.land/std@0.140.0/bytes/bytes_list.ts": "67eb118e0b7891d2f389dad4add35856f4ad5faab46318ff99653456c23b025d",
    "https://deno.land/std@0.140.0/bytes/equals.ts": "fc16dff2090cced02497f16483de123dfa91e591029f985029193dfaa9d894c9",
    "https://deno.land/std@0.140.0/bytes/mod.ts": "763f97d33051cc3f28af1a688dfe2830841192a9fea0cbaa55f927b49d49d0bf",
    "https://deno.land/std@0.140.0/encoding/base64.ts": "c8c16b4adaa60d7a8eee047c73ece26844435e8f7f1328d74593dbb2dd58ea4f",
    "https://deno.land/std@0.140.0/http/http_status.ts": "71838ad33cb03ff2575f5e8fdea5f930979cdff8a81c11ade497f11d4c026019",
    "https://deno.land/std@0.140.0/io/buffer.ts": "bd0c4bf53db4b4be916ca5963e454bddfd3fcd45039041ea161dbf826817822b",
    "https://deno.land/std@0.140.0/io/readers.ts": "15062a8863e6df8503ac6629924d04c5e65cf3da15997470525e705831a810c8",
    "https://deno.land/std@0.140.0/path/_constants.ts": "df1db3ffa6dd6d1252cc9617e5d72165cd2483df90e93833e13580687b6083c3",
    "https://deno.land/std@0.140.0/path/_interface.ts": "ee3b431a336b80cf445441109d089b70d87d5e248f4f90ff906820889ecf8d09",
    "https://deno.land/std@0.140.0/path/_util.ts": "c1e9686d0164e29f7d880b2158971d805b6e0efc3110d0b3e24e4b8af2190d2b",
    "https://deno.land/std@0.140.0/path/common.ts": "bee563630abd2d97f99d83c96c2fa0cca7cee103e8cb4e7699ec4d5db7bd2633",
    "https://deno.land/std@0.140.0/path/glob.ts": "cb5255638de1048973c3e69e420c77dc04f75755524cb3b2e160fe9277d939ee",
    "https://deno.land/std@0.140.0/path/mod.ts": "d3e68d0abb393fb0bf94a6d07c46ec31dc755b544b13144dee931d8d5f06a52d",
    "https://deno.land/std@0.140.0/path/posix.ts": "293cdaec3ecccec0a9cc2b534302dfe308adb6f10861fa183275d6695faace44",
    "https://deno.land/std@0.140.0/path/separator.ts": "fe1816cb765a8068afb3e8f13ad272351c85cbc739af56dacfc7d93d710fe0f9",
    "https://deno.land/std@0.140.0/path/win32.ts": "31811536855e19ba37a999cd8d1b62078235548d67902ece4aa6b814596dd757",
    "https://deno.land/std@0.140.0/streams/conversion.ts": "712585bfa0172a97fb68dd46e784ae8ad59d11b88079d6a4ab098ff42e697d21",
    "https://deno.land/std@0.142.0/_util/assert.ts": "e94f2eb37cebd7f199952e242c77654e43333c1ac4c5c700e929ea3aa5489f74",
    "https://deno.land/std@0.142.0/async/deferred.ts": "bc18e28108252c9f67dfca2bbc4587c3cbf3aeb6e155f8c864ca8ecff992b98a",
    "https://deno.land/std@0.142.0/async/delay.ts": "cbbdf1c87d1aed8edc7bae13592fb3e27e3106e0748f089c263390d4f49e5f6c",
    "https://deno.land/std@0.142.0/bytes/bytes_list.ts": "aba5e2369e77d426b10af1de0dcc4531acecec27f9b9056f4f7bfbf8ac147ab4",
    "https://deno.land/std@0.142.0/bytes/equals.ts": "fc16dff2090cced02497f16483de123dfa91e591029f985029193dfaa9d894c9",
    "https://deno.land/std@0.142.0/bytes/mod.ts": "763f97d33051cc3f28af1a688dfe2830841192a9fea0cbaa55f927b49d49d0bf",
    "https://deno.land/std@0.142.0/io/buffer.ts": "bd0c4bf53db4b4be916ca5963e454bddfd3fcd45039041ea161dbf826817822b",
    "https://deno.land/std@0.89.0/encoding/base64.ts": "eecae390f1f1d1cae6f6c6d732ede5276bf4b9cd29b1d281678c054dc5cc009e",
    "https://deno.land/x/cors@v1.2.2/abcCors.ts": "cdf83a7eaa69a1bf3ab910d18b9422217902fac47601adcaf0afac5a61845d48",
    "https://deno.land/x/cors@v1.2.2/attainCors.ts": "7d6aba0f942495cc31119604e0895c9bb8edd8f8baa7fe78e6c655bd0b4cbf59",
    "https://deno.land/x/cors@v1.2.2/cors.ts": "0e2d9167e3685f9bcf48f565e312b6e1883fa458f7337e5ce7bc2e3b29767980",
    "https://deno.land/x/cors@v1.2.2/mithCors.ts": "3a359d6e716e0410ede278ab54d875b293a2d66d838aaa7cfbf9ddc1e9e990d3",
    "https://deno.land/x/cors@v1.2.2/mod.ts": "2b351913f56d77ad80cb3b8633d4539c9eeddb426dae79437ada0e6a9cb4f1a6",
    "https://deno.land/x/cors@v1.2.2/oakCors.ts": "1348dc7673c61b85d2e80559a7b44f8e0246eaa6bcc6ec744fafe5d9b13b5c71",
    "https://deno.land/x/cors@v1.2.2/opineCors.ts": "fb5790115c26b7061d84b8d6c17d258a1e241bcab75b0bc3ca1fdb2e57bc5072",
    "https://deno.land/x/cors@v1.2.2/types.ts": "97546633ccc7f0df7a29bacba5d91dc6f61decdd1b65258300244dba905d34b8",
    "https://deno.land/x/lodash@4.17.19/npm-package/set.js": "7d360792369713f3b681afefb072820e8f65ff6a33b54be5f54eca09877c60a7",
    "https://deno.land/x/media_types@v3.0.3/mod.ts": "c12ebcac562696c5679fc8d4f16531ec16349c2e7e9211108b27f0baa534eb62",
    "https://deno.land/x/oak@v10.6.0/application.ts": "37a78bc0464fa677df5c290ee9a30de1e3da7c6e0ce6c2ff4a721455d5d47b6b",
    "https://deno.land/x/oak@v10.6.0/body.ts": "80ef7b8e7bb6bd7907ecdfb9148bffdbde10f9d3be9336d84075038473f804a1",
    "https://deno.land/x/oak@v10.6.0/buf_reader.ts": "7cf96aa0ac670b75098113cf88a291a68332cc45efa8a9698f064ac5b8098a0f",
    "https://deno.land/x/oak@v10.6.0/content_disposition.ts": "8b8c3cb2fba7138cd5b7f82fc3b5ea39b33db924a824b28261659db7e164621e",
    "https://deno.land/x/oak@v10.6.0/context.ts": "078306333a79f1010a49d5e9a05fca3dbc0c18fbda7610fa05400fa2e6eb9f95",
    "https://deno.land/x/oak@v10.6.0/cookies.ts": "d9f94b99f26c6169c6982ce12323c41a548d001bfc28f464264c22dc3dbf2181",
    "https://deno.land/x/oak@v10.6.0/deps.ts": "82cc4358116d6794ed93d73ee5f1c73e14397101dd7fa9b1b2931041aab72927",
    "https://deno.land/x/oak@v10.6.0/etag.ts": "19918f5e1964e3fe6c9fe524a88ffbf9900ce1dfe4146b187b2a86256bb6b663",
    "https://deno.land/x/oak@v10.6.0/headers.ts": "9a28c40344e85be0877e192210f89d7de12fa3fc4e9c959f7480f6fc4006fcfe",
    "https://deno.land/x/oak@v10.6.0/helpers.ts": "42212afa07a560b2958359cc19577417e89d9574d6579551a0af36ff7f00cc6e",
    "https://deno.land/x/oak@v10.6.0/httpError.ts": "8368d20c2bbb1e97eab0f9de5752ed04217675b4b5f33862a4e0bde71a492096",
    "https://deno.land/x/oak@v10.6.0/http_server_native.ts": "549dffcd2db5cbb0e44ad50cf9c54956b42a10450b1ac66e1362e32a073c8c1b",
    "https://deno.land/x/oak@v10.6.0/http_server_native_request.ts": "07910ea2ed51af6c4e69addf9015cdd8d2b5c9ee03fd4993e386834a129a9eb6",
    "https://deno.land/x/oak@v10.6.0/isMediaType.ts": "e7457f8c14245a7bb9a3a48000d50e112bb6fcafeab8fd7bcff16363a0cd8687",
    "https://deno.land/x/oak@v10.6.0/keyStack.ts": "7594ef9ff4f9be12a4ad23471a5f8bcbdeb5c1ec8ff51229b47114176b5f280d",
    "https://deno.land/x/oak@v10.6.0/mediaTyper.ts": "042b853fc8e9c3f6c628dd389e03ef481552bf07242efc3f8a1af042102a6105",
    "https://deno.land/x/oak@v10.6.0/middleware.ts": "de14f045a2ddfe845d89b5d3140ff52cbcc6f3b3965391106ce04480f9786737",
    "https://deno.land/x/oak@v10.6.0/middleware/proxy.ts": "b927232f97ec18af4185d7912e45b1191e3ffe24a9c875262ad524211b1274c9",
    "https://deno.land/x/oak@v10.6.0/mod.ts": "08de87563f94b7efdd7497e2b06b6e7c8b30e2c209d42caf79d843f38adc2b92",
    "https://deno.land/x/oak@v10.6.0/multipart.ts": "23e85f51e155d4ff1e143e8bc8121e006135be7db7bad6367cee711eddd1b724",
    "https://deno.land/x/oak@v10.6.0/negotiation/charset.ts": "b4c2e0c49dd5122f130f95bf29508448d983c424801b5bc304b00288b5ae3195",
    "https://deno.land/x/oak@v10.6.0/negotiation/common.ts": "f54d599d37408005f8c565d0f6505de51fed31feaa3654a7758e2359c006b02c",
    "https://deno.land/x/oak@v10.6.0/negotiation/encoding.ts": "60eb0fc3df57cc39eaa739e0e9e2cda6c20b3aa429d1a0108f503065f5709bbe",
    "https://deno.land/x/oak@v10.6.0/negotiation/language.ts": "62ef13ea3146538dd52a4666611bd423ebb9a6438e7312398e17a4d16dbafb51",
    "https://deno.land/x/oak@v10.6.0/negotiation/mediaType.ts": "7e25cc34600beea3bf0b0879ff1783c752260fcb517dffea2e122830c36e8451",
    "https://deno.land/x/oak@v10.6.0/range.ts": "d13898fcfc27f42309535f8e06ba522f51c811372c7d3bd657a957b52a481622",
    "https://deno.land/x/oak@v10.6.0/request.ts": "50c16bd8f8adef03fbb280de8f23b8ea1927fa813bbc87041c35078ad74e70f1",
    "https://deno.land/x/oak@v10.6.0/response.ts": "04d5faebf53d79f69a093332fb2180904e8c47d3666f60754b72ef8aca4cfef0",
    "https://deno.land/x/oak@v10.6.0/router.ts": "21e9cd4c1d83c9a0848e5943074a5ea748932d8a5fee9ce528f8bd790eaf6483",
    "https://deno.land/x/oak@v10.6.0/send.ts": "1e1766c9d2569af636315933fab46b35459893464a759c9a00ece9440eb0a992",
    "https://deno.land/x/oak@v10.6.0/server_sent_event.ts": "948b0fe4cb3fe38c7db15e476eb3b7671ef20e566d130e9f701d7c0146aa47dd",
    "https://deno.land/x/oak@v10.6.0/structured_clone.ts": "ecf42598652b8082f37252cb873d6e257ad728e6fe73c6bd61f343d94501fbde",
    "https://deno.land/x/oak@v10.6.0/testing.ts": "5a2c53dd48e0b45994de668082d26dba4c2a0694f2ceeb1e7c68d5aca170c73f",
    "https://deno.land/x/oak@v10.6.0/tssCompare.ts": "27f45f507ef21ba7b727b6c66b491543e6e1815c17194bf0b1d7a1ea5ab8027b",
    "https://deno.land/x/oak@v10.6.0/util.ts": "090f6fbc994a91709560184cdde0d9e72056a41e620da7cde84011e11e6393a3",
    "https://deno.land/x/path_to_regexp@v6.2.0/index.ts": "e94c04a44bbecac99ff2db2d831afe98b423e627b775cb57fc7935f848c64c51",
    "https://deno.land/x/redis@v0.26.0/backoff.ts": "33e4a6e245f8743fbae0ce583993a671a3ac2ecee433a3e7f0bd77b5dd541d84",
    "https://deno.land/x/redis@v0.26.0/command.ts": "1b49e8215941e53c61c7b9d408a57f54e8774263170f9a179c96e98f6e200453",
    "https://deno.land/x/redis@v0.26.0/connection.ts": "c31d2e0cb360bc641e7286f1d53cf58790fbcda025c06887f84a821f39d0fdff",
    "https://deno.land/x/redis@v0.26.0/errors.ts": "bc8f7091cb9f36cdd31229660e0139350b02c26851e3ac69d592c066745feb27",
    "https://deno.land/x/redis@v0.26.0/executor.ts": "03e5f43df4e0c9c62b0e1be778811d45b6a1966ddf406e21ed5a227af70b7183",
    "https://deno.land/x/redis@v0.26.0/mod.ts": "c6bc7a62be64b671a434eb79f33b467bd0528ca07bcb48cc7891bd2df45f7f92",
    "https://deno.land/x/redis@v0.26.0/pipeline.ts": "80cc26a881149264d51dd019f1044c4ec9012399eca9f516057dc81c9b439370",
    "https://deno.land/x/redis@v0.26.0/protocol/_util.ts": "0525f7f444a96b92cd36423abdfe221f8d8de4a018dc5cb6750a428a5fc897c2",
    "https://deno.land/x/redis@v0.26.0/protocol/command.ts": "b1efd3b62fe5d1230e6d96b5c65ba7de1592a1eda2cc927161e5997a15f404ac",
    "https://deno.land/x/redis@v0.26.0/protocol/mod.ts": "f2601df31d8adc71785b5d19f6a7e43dfce94adbb6735c4dafc1fb129169d11a",
    "https://deno.land/x/redis@v0.26.0/protocol/reply.ts": "0876abb08f5740f5f8d62b5b6b96d80d49f54938afff1558615e5f1a05b8783e",
    "https://deno.land/x/redis@v0.26.0/protocol/types.ts": "baadd6841901dda08d3e357b375d4c25d80b30fbdd81f43fd11089f8a23832ff",
    "https://deno.land/x/redis@v0.26.0/pubsub.ts": "03d9624a8bc071891fb21b29624be0d60875fbd6ef06d5c71d96d778c9ab44ae",
    "https://deno.land/x/redis@v0.26.0/redis.ts": "53f9ada525a36ec487232f912789ffa181068d8a9209958bb6dc0b521fee9b1f",
    "https://deno.land/x/redis@v0.26.0/stream.ts": "fcbb29932755cdeb30e7f451bf3aa8d49b5df2c3897e1a4aaa25b210f0e865a2",
    "https://deno.land/x/redis@v0.26.0/vendor/https/deno.land/std/async/deferred.ts": "d8a492d7b141ef1721b1ed0745e51c867b572e6bba1238011130d07ff973582b",
    "https://deno.land/x/redis@v0.26.0/vendor/https/deno.land/std/async/delay.ts": "e324e793554896ff649731073b5d580c90ccd3baa88497d92c5ac2485967e32f",
    "https://deno.land/x/redis@v0.26.0/vendor/https/deno.land/std/io/buffer.ts": "6f36c74f0fce64250c85c0b18621a9316efd70e6dfa910b905c3347d0ee6dd02",
    "https://deno.land/x/zoic@v1.0.5/src/doublyLinkedLists.ts": "d1ae716fbeda0c4984c468aa5c81cdecdb69411d6ccdb0ad9adff3c08dfb1b2e",
    "https://deno.land/x/zoic@v1.0.5/src/lfu.ts": "d84833581ac851bbf3b68c9e64026e98bca17647cb0a63fa064930aa05627c0c",
    "https://deno.land/x/zoic@v1.0.5/src/lru.ts": "9f6aeb9cfb80ae5b0fcf9b86d6c6720831d4f778f2a0542334295bf99024072a",
    "https://deno.land/x/zoic@v1.0.5/src/performanceMetrics.ts": "952e2fd03045b98704f2708542d625ed695afda30cfdafc3369f1b3fa2c314b1",
    "https://deno.land/x/zoic@v1.0.5/zoic.ts": "75b1af6402714e9fb9ae593f7a86b56f5c17e76f3d96aa93267fc562b1a71511",
    "https://raw.githubusercontent.com/jshttp/mime-db/v1.52.0/db.json": "85c8e1ba609079947c8df83c092900ab0226e1d7b60e5e7105fb7dd701833263"
  },
  "workspace": {
    "dependencies": [
      "jsr:@deno-library/compress@~0.5.2",
      "jsr:@oak/oak@^17.1.0",
      "jsr:@std/assert@1",
      "jsr:@valibot/valibot@~0.42.1",
      "npm:@faker-js/faker@^9.2.0",
      "npm:ebnf@^1.9.1",
      "npm:type-fest@^4.30.0"
    ]
  }
}
